// !$*UTF8*$!
{
	archiveVersion = 1;
	classes = {
	};
	objectVersion = 46;
	objects = {

/* Begin PBXBuildFile section */
		3CEC341D1CDD26B800D84E07 /* AppDelegate.swift in Sources */ = {isa = PBXBuildFile; fileRef = 3CEC341C1CDD26B800D84E07 /* AppDelegate.swift */; };
		3CEC341F1CDD26B800D84E07 /* ViewController.swift in Sources */ = {isa = PBXBuildFile; fileRef = 3CEC341E1CDD26B800D84E07 /* ViewController.swift */; };
		3CEC34221CDD26B800D84E07 /* Main.storyboard in Resources */ = {isa = PBXBuildFile; fileRef = 3CEC34201CDD26B800D84E07 /* Main.storyboard */; };
		3CEC34241CDD26B800D84E07 /* Assets.xcassets in Resources */ = {isa = PBXBuildFile; fileRef = 3CEC34231CDD26B800D84E07 /* Assets.xcassets */; };
		3CEC34271CDD26B800D84E07 /* LaunchScreen.storyboard in Resources */ = {isa = PBXBuildFile; fileRef = 3CEC34251CDD26B800D84E07 /* LaunchScreen.storyboard */; };
		3CEC34301CDD2B0A00D84E07 /* finn.png in Resources */ = {isa = PBXBuildFile; fileRef = 3CEC342E1CDD2B0A00D84E07 /* finn.png */; };
		3CEC34311CDD2B0A00D84E07 /* jake.png in Resources */ = {isa = PBXBuildFile; fileRef = 3CEC342F1CDD2B0A00D84E07 /* jake.png */; };
		3CEC34331CDD30EA00D84E07 /* finn&jake.png in Resources */ = {isa = PBXBuildFile; fileRef = 3CEC34321CDD30EA00D84E07 /* finn&jake.png */; };
/* End PBXBuildFile section */

/* Begin PBXFileReference section */
		3CEC34191CDD26B800D84E07 /* TicTacToe.app */ = {isa = PBXFileReference; explicitFileType = wrapper.application; includeInIndex = 0; path = TicTacToe.app; sourceTree = BUILT_PRODUCTS_DIR; };
		3CEC341C1CDD26B800D84E07 /* AppDelegate.swift */ = {isa = PBXFileReference; lastKnownFileType = sourcecode.swift; path = AppDelegate.swift; sourceTree = "<group>"; };
		3CEC341E1CDD26B800D84E07 /* ViewController.swift */ = {isa = PBXFileReference; lastKnownFileType = sourcecode.swift; path = ViewController.swift; sourceTree = "<group>"; };
		3CEC34211CDD26B800D84E07 /* Base */ = {isa = PBXFileReference; lastKnownFileType = file.storyboard; name = Base; path = Base.lproj/Main.storyboard; sourceTree = "<group>"; };
		3CEC34231CDD26B800D84E07 /* Assets.xcassets */ = {isa = PBXFileReference; lastKnownFileType = folder.assetcatalog; path = Assets.xcassets; sourceTree = "<group>"; };
		3CEC34261CDD26B800D84E07 /* Base */ = {isa = PBXFileReference; lastKnownFileType = file.storyboard; name = Base; path = Base.lproj/LaunchScreen.storyboard; sourceTree = "<group>"; };
		3CEC34281CDD26B800D84E07 /* Info.plist */ = {isa = PBXFileReference; lastKnownFileType = text.plist.xml; path = Info.plist; sourceTree = "<group>"; };
		3CEC342E1CDD2B0A00D84E07 /* finn.png */ = {isa = PBXFileReference; lastKnownFileType = image.png; path = finn.png; sourceTree = "<group>"; };
		3CEC342F1CDD2B0A00D84E07 /* jake.png */ = {isa = PBXFileReference; lastKnownFileType = image.png; path = jake.png; sourceTree = "<group>"; };
		3CEC34321CDD30EA00D84E07 /* finn&jake.png */ = {isa = PBXFileReference; lastKnownFileType = image.png; path = "finn&jake.png"; sourceTree = "<group>"; };
/* End PBXFileReference section */

/* Begin PBXFrameworksBuildPhase section */
		3CEC34161CDD26B800D84E07 /* Frameworks */ = {
			isa = PBXFrameworksBuildPhase;
			buildActionMask = 2147483647;
			files = (
			);
			runOnlyForDeploymentPostprocessing = 0;
		};
/* End PBXFrameworksBuildPhase section */

/* Begin PBXGroup section */
		3CEC34101CDD26B800D84E07 = {
			isa = PBXGroup;
			children = (
				3CEC341B1CDD26B800D84E07 /* TicTacToe */,
				3CEC341A1CDD26B800D84E07 /* Products */,
			);
			sourceTree = "<group>";
		};
		3CEC341A1CDD26B800D84E07 /* Products */ = {
			isa = PBXGroup;
			children = (
				3CEC34191CDD26B800D84E07 /* TicTacToe.app */,
			);
			name = Products;
			sourceTree = "<group>";
		};
		3CEC341B1CDD26B800D84E07 /* TicTacToe */ = {
			isa = PBXGroup;
			children = (
				3CEC342E1CDD2B0A00D84E07 /* finn.png */,
				3CEC342F1CDD2B0A00D84E07 /* jake.png */,
				3CEC34321CDD30EA00D84E07 /* finn&jake.png */,
				3CEC341C1CDD26B800D84E07 /* AppDelegate.swift */,
				3CEC341E1CDD26B800D84E07 /* ViewController.swift */,
				3CEC34201CDD26B800D84E07 /* Main.storyboard */,
				3CEC34231CDD26B800D84E07 /* Assets.xcassets */,
				3CEC34251CDD26B800D84E07 /* LaunchScreen.storyboard */,
				3CEC34281CDD26B800D84E07 /* Info.plist */,
			);
			path = TicTacToe;
			sourceTree = "<group>";
		};
/* End PBXGroup section */

/* Begin PBXNativeTarget section */
		3CEC34181CDD26B800D84E07 /* TicTacToe */ = {
			isa = PBXNativeTarget;
			buildConfigurationList = 3CEC342B1CDD26B800D84E07 /* Build configuration list for PBXNativeTarget "TicTacToe" */;
			buildPhases = (
				3CEC34151CDD26B800D84E07 /* Sources */,
				3CEC34161CDD26B800D84E07 /* Frameworks */,
				3CEC34171CDD26B800D84E07 /* Resources */,
			);
			buildRules = (
			);
			dependencies = (
			);
			name = TicTacToe;
			productName = TicTacToe;
			productReference = 3CEC34191CDD26B800D84E07 /* TicTacToe.app */;
			productType = "com.apple.product-type.application";
		};
/* End PBXNativeTarget section */

/* Begin PBXProject section */
		3CEC34111CDD26B800D84E07 /* Project object */ = {
			isa = PBXProject;
			attributes = {
				LastSwiftUpdateCheck = 0730;
				LastUpgradeCheck = 0730;
				ORGANIZATIONNAME = "Guillermo Gruschka";
				TargetAttributes = {
					3CEC34181CDD26B800D84E07 = {
						CreatedOnToolsVersion = 7.3;
					};
				};
			};
			buildConfigurationList = 3CEC34141CDD26B800D84E07 /* Build configuration list for PBXProject "TicTacToe" */;
			compatibilityVersion = "Xcode 3.2";
			developmentRegion = English;
			hasScannedForEncodings = 0;
			knownRegions = (
				en,
				Base,
			);
			mainGroup = 3CEC34101CDD26B800D84E07;
			productRefGroup = 3CEC341A1CDD26B800D84E07 /* Products */;
			projectDirPath = "";
			projectRoot = "";
			targets = (
				3CEC34181CDD26B800D84E07 /* TicTacToe */,
			);
		};
/* End PBXProject section */

/* Begin PBXResourcesBuildPhase section */
		3CEC34171CDD26B800D84E07 /* Resources */ = {
			isa = PBXResourcesBuildPhase;
			buildActionMask = 2147483647;
			files = (
				3CEC34271CDD26B800D84E07 /* LaunchScreen.storyboard in Resources */,
				3CEC34311CDD2B0A00D84E07 /* jake.png in Resources */,
				3CEC34331CDD30EA00D84E07 /* finn&jake.png in Resources */,
				3CEC34241CDD26B800D84E07 /* Assets.xcassets in Resources */,
				3CEC34301CDD2B0A00D84E07 /* finn.png in Resources */,
				3CEC34221CDD26B800D84E07 /* Main.storyboard in Resources */,
			);
			runOnlyForDeploymentPostprocessing = 0;
		};
/* End PBXResourcesBuildPhase section */

/* Begin PBXSourcesBuildPhase section */
		3CEC34151CDD26B800D84E07 /* Sources */ = {
			isa = PBXSourcesBuildPhase;
			buildActionMask = 2147483647;
			files = (
				3CEC341F1CDD26B800D84E07 /* ViewController.swift in Sources */,
				3CEC341D1CDD26B800D84E07 /* AppDelegate.swift in Sources */,
			);
			runOnlyForDeploymentPostprocessing = 0;
		};
/* End PBXSourcesBuildPhase section */

/* Begin PBXVariantGroup section */
		3CEC34201CDD26B800D84E07 /* Main.storyboard */ = {
			isa = PBXVariantGroup;
			children = (
				3CEC34211CDD26B800D84E07 /* Base */,
			);
			name = Main.storyboard;
			sourceTree = "<group>";
		};
		3CEC34251CDD26B800D84E07 /* LaunchScreen.storyboard */ = {
			isa = PBXVariantGroup;
			children = (
				3CEC34261CDD26B800D84E07 /* Base */,
			);
			name = LaunchScreen.storyboard;
			sourceTree = "<group>";
		};
/* End PBXVariantGroup section */

/* Begin XCBuildConfiguration section */
		3CEC34291CDD26B800D84E07 /* Debug */ = {
			isa = XCBuildConfiguration;
			buildSettings = {
				ALWAYS_SEARCH_USER_PATHS = NO;
				CLANG_ANALYZER_NONNULL = YES;
				CLANG_CXX_LANGUAGE_STANDARD = "gnu++0x";
				CLANG_CXX_LIBRARY = "libc++";
				CLANG_ENABLE_MODULES = YES;
				CLANG_ENABLE_OBJC_ARC = YES;
				CLANG_WARN_BOOL_CONVERSION = YES;
				CLANG_WARN_CONSTANT_CONVERSION = YES;
				CLANG_WARN_DIRECT_OBJC_ISA_USAGE = YES_ERROR;
				CLANG_WARN_EMPTY_BODY = YES;
				CLANG_WARN_ENUM_CONVERSION = YES;
				CLANG_WARN_INT_CONVERSION = YES;
				CLANG_WARN_OBJC_ROOT_CLASS = YES_ERROR;
				CLANG_WARN_UNREACHABLE_CODE = YES;
				CLANG_WARN__DUPLICATE_METHOD_MATCH = YES;
				"CODE_SIGN_IDENTITY[sdk=iphoneos*]" = "iPhone Developer";
				COPY_PHASE_STRIP = NO;
				DEBUG_INFORMATION_FORMAT = dwarf;
				ENABLE_STRICT_OBJC_MSGSEND = YES;
				ENABLE_TESTABILITY = YES;
				GCC_C_LANGUAGE_STANDARD = gnu99;
				GCC_DYNAMIC_NO_PIC = NO;
				GCC_NO_COMMON_BLOCKS = YES;
				GCC_OPTIMIZATION_LEVEL = 0;
				GCC_PREPROCESSOR_DEFINITIONS = (
					"DEBUG=1",
					"$(inherited)",
				);
				GCC_WARN_64_TO_32_BIT_CONVERSION = YES;
				GCC_WARN_ABOUT_RETURN_TYPE = YES_ERROR;
				GCC_WARN_UNDECLARED_SELECTOR = YES;
				GCC_WARN_UNINITIALIZED_AUTOS = YES_AGGRESSIVE;
				GCC_WARN_UNUSED_FUNCTION = YES;
				GCC_WARN_UNUSED_VARIABLE = YES;
				IPHONEOS_DEPLOYMENT_TARGET = 9.3;
				MTL_ENABLE_DEBUG_INFO = YES;
				ONLY_ACTIVE_ARCH = YES;
				SDKROOT = iphoneos;
				SWIFT_OPTIMIZATION_LEVEL = "-Onone";
			};
			name = Debug;
		};
		3CEC342A1CDD26B800D84E07 /* Release */ = {
			isa = XCBuildConfiguration;
			buildSettings = {
				ALWAYS_SEARCH_USER_PATHS = NO;
				CLANG_ANALYZER_NONNULL = YES;
				CLANG_CXX_LANGUAGE_STANDARD = "gnu++0x";
				CLANG_CXX_LIBRARY = "libc++";
				CLANG_ENABLE_MODULES = YES;
				CLANG_ENABLE_OBJC_ARC = YES;
				CLANG_WARN_BOOL_CONVERSION = YES;
				CLANG_WARN_CONSTANT_CONVERSION = YES;
				CLANG_WARN_DIRECT_OBJC_ISA_USAGE = YES_ERROR;
				CLANG_WARN_EMPTY_BODY = YES;
				CLANG_WARN_ENUM_CONVERSION = YES;
				CLANG_WARN_INT_CONVERSION = YES;
				CLANG_WARN_OBJC_ROOT_CLASS = YES_ERROR;
				CLANG_WARN_UNREACHABLE_CODE = YES;
				CLANG_WARN__DUPLICATE_METHOD_MATCH = YES;
				"CODE_SIGN_IDENTITY[sdk=iphoneos*]" = "iPhone Developer";
				COPY_PHASE_STRIP = NO;
				DEBUG_INFORMATION_FORMAT = "dwarf-with-dsym";
				ENABLE_NS_ASSERTIONS = NO;
				ENABLE_STRICT_OBJC_MSGSEND = YES;
				GCC_C_LANGUAGE_STANDARD = gnu99;
				GCC_NO_COMMON_BLOCKS = YES;
				GCC_WARN_64_TO_32_BIT_CONVERSION = YES;
				GCC_WARN_ABOUT_RETURN_TYPE = YES_ERROR;
				GCC_WARN_UNDECLARED_SELECTOR = YES;
				GCC_WARN_UNINITIALIZED_AUTOS = YES_AGGRESSIVE;
				GCC_WARN_UNUSED_FUNCTION = YES;
				GCC_WARN_UNUSED_VARIABLE = YES;
				IPHONEOS_DEPLOYMENT_TARGET = 9.3;
				MTL_ENABLE_DEBUG_INFO = NO;
				SDKROOT = iphoneos;
				VALIDATE_PRODUCT = YES;
			};
			name = Release;
		};
		3CEC342C1CDD26B800D84E07 /* Debug */ = {
			isa = XCBuildConfiguration;
			buildSettings = {
				ASSETCATALOG_COMPILER_APPICON_NAME = AppIcon;
				INFOPLIST_FILE = TicTacToe/Info.plist;
				LD_RUNPATH_SEARCH_PATHS = "$(inherited) @executable_path/Frameworks";
				PRODUCT_BUNDLE_IDENTIFIER = com.gruvi.TicTacToe;
				PRODUCT_NAME = "$(TARGET_NAME)";
			};
			name = Debug;
		};
		3CEC342D1CDD26B800D84E07 /* Release */ = {
			isa = XCBuildConfiguration;
			buildSettings = {
				ASSETCATALOG_COMPILER_APPICON_NAME = AppIcon;
				INFOPLIST_FILE = TicTacToe/Info.plist;
				LD_RUNPATH_SEARCH_PATHS = "$(inherited) @executable_path/Frameworks";
				PRODUCT_BUNDLE_IDENTIFIER = com.gruvi.TicTacToe;
				PRODUCT_NAME = "$(TARGET_NAME)";
			};
			name = Release;
		};
/* End XCBuildConfiguration section */

/* Begin XCConfigurationList section */
		3CEC34141CDD26B800D84E07 /* Build configuration list for PBXProject "TicTacToe" */ = {
			isa = XCConfigurationList;
			buildConfigurations = (
				3CEC34291CDD26B800D84E07 /* Debug */,
				3CEC342A1CDD26B800D84E07 /* Release */,
			);
			defaultConfigurationIsVisible = 0;
			defaultConfigurationName = Release;
		};
		3CEC342B1CDD26B800D84E07 /* Build configuration list for PBXNativeTarget "TicTacToe" */ = {
			isa = XCConfigurationList;
			buildConfigurations = (
				3CEC342C1CDD26B800D84E07 /* Debug */,
				3CEC342D1CDD26B800D84E07 /* Release */,
			);
			defaultConfigurationIsVisible = 0;
		};
/* End XCConfigurationList section */
	};
	rootObject = 3CEC34111CDD26B800D84E07 /* Project object */;
}
